
Microsoft Visual Studio Solution File, Format Version 12.00
# Visual Studio 2013
VisualStudioVersion = 12.0.21005.1
MinimumVisualStudioVersion = 10.0.40219.1
Project("{FAE04EC0-301F-11D3-BF4B-00C04F79EFBC}") = "2048", "2048\2048.csproj", "{6F0C2DC3-9F0B-4BA3-BE56-DBB2A07D8226}"
EndProject
Global
	GlobalSection(SolutionConfigurationPlatforms) = preSolution
		Debug|Any CPU = Debug|Any CPU
		Release|Any CPU = Release|Any CPU
	EndGlobalSection
	GlobalSection(ProjectConfigurationPlatforms) = postSolution
		{6F0C2DC3-9F0B-4BA3-BE56-DBB2A07D8226}.Debug|Any CPU.ActiveCfg = Debug|Any CPU
		{6F0C2DC3-9F0B-4BA3-BE56-DBB2A07D8226}.Debug|Any CPU.Build.0 = Debug|Any CPU
		{6F0C2DC3-9F0B-4BA3-BE56-DBB2A07D8226}.Release|Any CPU.ActiveCfg = Release|Any CPU
		{6F0C2DC3-9F0B-4BA3-BE56-DBB2A07D8226}.Release|Any CPU.Build.0 = Release|Any CPU
	EndGlobalSection
	GlobalSection(SolutionProperties) = preSolution
		HideSolutionNode = FALSE
	EndGlobalSection
EndGlobal
